
Microsoft Visual Studio Solution File, Format Version 12.00
# Visual Studio Version 17
VisualStudioVersion = 17.5.33414.496
MinimumVisualStudioVersion = 10.0.40219.1
Project("{FAE04EC0-301F-11D3-BF4B-00C04F79EFBC}") = "lab-2-5", "lab-2-5.csproj", "{EDD947A3-FF71-4D50-885E-B90F5DAAF9D4}"
EndProject
Global
	GlobalSection(SolutionConfigurationPlatforms) = preSolution
		Debug|Any CPU = Debug|Any CPU
		Release|Any CPU = Release|Any CPU
	EndGlobalSection
	GlobalSection(ProjectConfigurationPlatforms) = postSolution
		{EDD947A3-FF71-4D50-885E-B90F5DAAF9D4}.Debug|Any CPU.ActiveCfg = Debug|Any CPU
		{EDD947A3-FF71-4D50-885E-B90F5DAAF9D4}.Debug|Any CPU.Build.0 = Debug|Any CPU
		{EDD947A3-FF71-4D50-885E-B90F5DAAF9D4}.Release|Any CPU.ActiveCfg = Release|Any CPU
		{EDD947A3-FF71-4D50-885E-B90F5DAAF9D4}.Release|Any CPU.Build.0 = Release|Any CPU
	EndGlobalSection
	GlobalSection(SolutionProperties) = preSolution
		HideSolutionNode = FALSE
	EndGlobalSection
	GlobalSection(ExtensibilityGlobals) = postSolution
		SolutionGuid = {1A178093-9665-4E25-98DF-89BF6E07A0B1}
	EndGlobalSection
EndGlobal
